<?xml version="1.0" encoding="utf-8"?>
<Project ToolsVersion="4.0" xmlns="http://schemas.microsoft.com/developer/msbuild/2003">
  <ItemGroup>
    <Filter Include="源文件">
      <UniqueIdentifier>{4FC737F1-C7A5-4376-A066-2A32D752A2FF}</UniqueIdentifier>
      <Extensions>cpp;c;cc;cxx;c++;cppm;ixx;def;odl;idl;hpj;bat;asm;asmx</Extensions>
    </Filter>
    <Filter Include="头文件">
      <UniqueIdentifier>{93995380-89BD-4b04-88EB-625FBE52EBFB}</UniqueIdentifier>
      <Extensions>h;hh;hpp;hxx;h++;hm;inl;inc;ipp;xsd</Extensions>
    </Filter>
    <Filter Include="资源文件">
      <UniqueIdentifier>{67DA6AB6-F800-4c08-8B7A-83BB121AAD01}</UniqueIdentifier>
      <Extensions>rc;ico;cur;bmp;dlg;rc2;rct;bin;rgs;gif;jpg;jpeg;jpe;resx;tiff;tif;png;wav;mfcribbon-ms</Extensions>
    </Filter>
    <Filter Include="elastic">
      <UniqueIdentifier>{6f2c6d90-e814-439f-978a-72990861fbf5}</UniqueIdentifier>
    </Filter>
    <Filter Include="elastic\archive">
      <UniqueIdentifier>{ce4bdb90-dbee-4614-b280-86371c4b629f}</UniqueIdentifier>
    </Filter>
    <Filter Include="elastic\serialize">
      <UniqueIdentifier>{4b3b0a5d-6e6b-437b-84ba-e3a62bec9e4b}</UniqueIdentifier>
    </Filter>
    <Filter Include="elastic\detail">
      <UniqueIdentifier>{0a3d0647-708d-4e16-9756-ab3f36a6c558}</UniqueIdentifier>
    </Filter>
    <Filter Include="elastic\types">
      <UniqueIdentifier>{7f6220c2-a907-43d2-b9e7-27cfc317d292}</UniqueIdentifier>
    </Filter>
  </ItemGroup>
  <ItemGroup>
    <ClCompile Include="Test.cpp">
      <Filter>源文件</Filter>
    </ClCompile>
  </ItemGroup>
  <ItemGroup>
    <ClInclude Include="tuple_size.h">
      <Filter>头文件</Filter>
    </ClInclude>
    <ClInclude Include="..\include\elastic\reflect.hpp">
      <Filter>elastic</Filter>
    </ClInclude>
    <ClInclude Include="..\include\elastic\tuple_size.hpp">
      <Filter>elastic</Filter>
    </ClInclude>
    <ClInclude Include="..\include\elastic\archive\archive_exception.hpp">
      <Filter>elastic\archive</Filter>
    </ClInclude>
    <ClInclude Include="..\include\elastic\archive\basic_archive.hpp">
      <Filter>elastic\archive</Filter>
    </ClInclude>
    <ClInclude Include="..\include\elastic\archive\basic_binary_archive.hpp">
      <Filter>elastic\archive</Filter>
    </ClInclude>
    <ClInclude Include="..\include\elastic\archive\basic_primitive.hpp">
      <Filter>elastic\archive</Filter>
    </ClInclude>
    <ClInclude Include="..\include\elastic\archive\binary_iarchive.hpp">
      <Filter>elastic\archive</Filter>
    </ClInclude>
    <ClInclude Include="..\include\elastic\archive\binary_iarchive_impl.hpp">
      <Filter>elastic\archive</Filter>
    </ClInclude>
    <ClInclude Include="..\include\elastic\archive\binary_oarchive.hpp">
      <Filter>elastic\archive</Filter>
    </ClInclude>
    <ClInclude Include="..\include\elastic\archive\binary_oarchive_impl.hpp">
      <Filter>elastic\archive</Filter>
    </ClInclude>
    <ClInclude Include="..\include\elastic\archive\common_iarchive.hpp">
      <Filter>elastic\archive</Filter>
    </ClInclude>
    <ClInclude Include="..\include\elastic\archive\common_oarchive.hpp">
      <Filter>elastic\archive</Filter>
    </ClInclude>
    <ClInclude Include="..\include\elastic\archive\interface_iarchive.hpp">
      <Filter>elastic\archive</Filter>
    </ClInclude>
    <ClInclude Include="..\include\elastic\archive\interface_oarchive.hpp">
      <Filter>elastic\archive</Filter>
    </ClInclude>
    <ClInclude Include="..\include\elastic\serialize\access.hpp">
      <Filter>elastic\serialize</Filter>
    </ClInclude>
    <ClInclude Include="..\include\elastic\serialize\parser.hpp">
      <Filter>elastic\serialize</Filter>
    </ClInclude>
    <ClInclude Include="..\include\elastic\detail\concepts.hpp">
      <Filter>elastic\detail</Filter>
    </ClInclude>
    <ClInclude Include="..\include\elastic\detail\config.hpp">
      <Filter>elastic\detail</Filter>
    </ClInclude>
    <ClInclude Include="..\include\elastic\detail\eval_if.hpp">
      <Filter>elastic\detail</Filter>
    </ClInclude>
    <ClInclude Include="..\include\elastic\detail\filed_count.hpp">
      <Filter>elastic\detail</Filter>
    </ClInclude>
    <ClInclude Include="..\include\elastic\detail\generate.hpp">
      <Filter>elastic\detail</Filter>
    </ClInclude>
    <ClInclude Include="..\include\elastic\detail\nocopyable.hpp">
      <Filter>elastic\detail</Filter>
    </ClInclude>
    <ClInclude Include="..\include\elastic\detail\singleton.hpp">
      <Filter>elastic\detail</Filter>
    </ClInclude>
    <ClInclude Include="..\include\elastic\detail\size_t_.hpp">
      <Filter>elastic\detail</Filter>
    </ClInclude>
    <ClInclude Include="..\include\elastic\detail\type_traits.hpp">
      <Filter>elastic\detail</Filter>
    </ClInclude>
    <ClInclude Include="..\include\elastic\types\types.hpp">
      <Filter>elastic\types</Filter>
    </ClInclude>
    <ClInclude Include="generate.h">
      <Filter>头文件</Filter>
    </ClInclude>
    <ClInclude Include="io.h">
      <Filter>头文件</Filter>
    </ClInclude>
    <ClInclude Include="attr.h">
      <Filter>头文件</Filter>
    </ClInclude>
    <ClInclude Include="inherit.h">
      <Filter>头文件</Filter>
    </ClInclude>
    <ClInclude Include="exception.h">
      <Filter>头文件</Filter>
    </ClInclude>
    <ClInclude Include="..\include\elastic\serialize\iserialize.hpp">
      <Filter>elastic\serialize</Filter>
    </ClInclude>
    <ClInclude Include="..\include\elastic\serialize\oserialize.hpp">
      <Filter>elastic\serialize</Filter>
    </ClInclude>
    <ClInclude Include="..\include\elastic\archive\binary_primitive.hpp">
      <Filter>elastic\archive</Filter>
    </ClInclude>
  </ItemGroup>
</Project>